
Microsoft Visual Studio Solution File, Format Version 12.00
# Visual Studio 14
VisualStudioVersion = 14.0.25420.1
MinimumVisualStudioVersion = 10.0.40219.1
Project("{8BC9CEB8-8B4A-11D0-8D11-00A0C91BC942}") = "Rabbit", "Rabbit\Rabbit.vcxproj", "{1FF77FA1-B24E-4FF7-910E-3313B01B927B}"
EndProject
Project("{8BC9CEB8-8B4A-11D0-8D11-00A0C91BC942}") = "Rabbit.Test", "Rabbit.Test\Rabbit.Test.vcxproj", "{7DD796D2-4503-4D48-AABD-2481A7658BFA}"
EndProject
Global
	GlobalSection(SolutionConfigurationPlatforms) = preSolution
		Debug|Win32 = Debug|Win32
		Debug|x64 = Debug|x64
		Release|Win32 = Release|Win32
		Release|x64 = Release|x64
	EndGlobalSection
	GlobalSection(ProjectConfigurationPlatforms) = postSolution
		{1FF77FA1-B24E-4FF7-910E-3313B01B927B}.Debug|Win32.ActiveCfg = Debug|Win32
		{1FF77FA1-B24E-4FF7-910E-3313B01B927B}.Debug|Win32.Build.0 = Debug|Win32
		{1FF77FA1-B24E-4FF7-910E-3313B01B927B}.Debug|x64.ActiveCfg = Debug|Win32
		{1FF77FA1-B24E-4FF7-910E-3313B01B927B}.Release|Win32.ActiveCfg = Release|Win32
		{1FF77FA1-B24E-4FF7-910E-3313B01B927B}.Release|Win32.Build.0 = Release|Win32
		{1FF77FA1-B24E-4FF7-910E-3313B01B927B}.Release|x64.ActiveCfg = Release|Win32
		{7DD796D2-4503-4D48-AABD-2481A7658BFA}.Debug|Win32.ActiveCfg = Debug|Win32
		{7DD796D2-4503-4D48-AABD-2481A7658BFA}.Debug|Win32.Build.0 = Debug|Win32
		{7DD796D2-4503-4D48-AABD-2481A7658BFA}.Debug|x64.ActiveCfg = Debug|x64
		{7DD796D2-4503-4D48-AABD-2481A7658BFA}.Debug|x64.Build.0 = Debug|x64
		{7DD796D2-4503-4D48-AABD-2481A7658BFA}.Release|Win32.ActiveCfg = Release|Win32
		{7DD796D2-4503-4D48-AABD-2481A7658BFA}.Release|Win32.Build.0 = Release|Win32
		{7DD796D2-4503-4D48-AABD-2481A7658BFA}.Release|x64.ActiveCfg = Release|x64
		{7DD796D2-4503-4D48-AABD-2481A7658BFA}.Release|x64.Build.0 = Release|x64
	EndGlobalSection
	GlobalSection(SolutionProperties) = preSolution
		HideSolutionNode = FALSE
	EndGlobalSection
EndGlobal
